
Microsoft Visual Studio Solution File, Format Version 12.00
# Visual Studio Version 17
VisualStudioVersion = 17.5.002.0
MinimumVisualStudioVersion = 10.0.40219.1
Project("{9A19103F-16F7-4668-BE54-9A1E7A4F7556}") = "SaborCaseiro", "SaborCaseiro.csproj", "{8693178F-5057-47AB-A023-DEDA3731B1C3}"
EndProject
Global
	GlobalSection(SolutionConfigurationPlatforms) = preSolution
		Debug|Any CPU = Debug|Any CPU
		Release|Any CPU = Release|Any CPU
	EndGlobalSection
	GlobalSection(ProjectConfigurationPlatforms) = postSolution
		{8693178F-5057-47AB-A023-DEDA3731B1C3}.Debug|Any CPU.ActiveCfg = Debug|Any CPU
		{8693178F-5057-47AB-A023-DEDA3731B1C3}.Debug|Any CPU.Build.0 = Debug|Any CPU
		{8693178F-5057-47AB-A023-DEDA3731B1C3}.Release|Any CPU.ActiveCfg = Release|Any CPU
		{8693178F-5057-47AB-A023-DEDA3731B1C3}.Release|Any CPU.Build.0 = Release|Any CPU
	EndGlobalSection
	GlobalSection(SolutionProperties) = preSolution
		HideSolutionNode = FALSE
	EndGlobalSection
	GlobalSection(ExtensibilityGlobals) = postSolution
		SolutionGuid = {8BE990A7-9FB6-4101-859D-D1331D545F92}
	EndGlobalSection
EndGlobal
